
Microsoft Visual Studio Solution File, Format Version 12.00
# Visual Studio Version 16
VisualStudioVersion = 16.0.31005.135
MinimumVisualStudioVersion = 10.0.40219.1
Project("{9A19103F-16F7-4668-BE54-9A1E7A4F7556}") = "weatherapiDocker", "weatherapiDocker\weatherapiDocker.csproj", "{5B1EF51D-195E-4EBC-9F2F-B4B067A15545}"
EndProject
Global
	GlobalSection(SolutionConfigurationPlatforms) = preSolution
		Debug|Any CPU = Debug|Any CPU
		Release|Any CPU = Release|Any CPU
	EndGlobalSection
	GlobalSection(ProjectConfigurationPlatforms) = postSolution
		{5B1EF51D-195E-4EBC-9F2F-B4B067A15545}.Debug|Any CPU.ActiveCfg = Debug|Any CPU
		{5B1EF51D-195E-4EBC-9F2F-B4B067A15545}.Debug|Any CPU.Build.0 = Debug|Any CPU
		{5B1EF51D-195E-4EBC-9F2F-B4B067A15545}.Release|Any CPU.ActiveCfg = Release|Any CPU
		{5B1EF51D-195E-4EBC-9F2F-B4B067A15545}.Release|Any CPU.Build.0 = Release|Any CPU
	EndGlobalSection
	GlobalSection(SolutionProperties) = preSolution
		HideSolutionNode = FALSE
	EndGlobalSection
	GlobalSection(ExtensibilityGlobals) = postSolution
		SolutionGuid = {56230A0D-1888-4D65-B7C9-0F888A87FFB3}
	EndGlobalSection
EndGlobal
